{
    "doctrine/annotations": {
        "version": "1.14",
        "recipe": {
            "repo": "github.com/symfony/recipes",
            "branch": "main",
            "version": "1.0",
            "ref": "a2759dd6123694c8d901d0ec80006e044c2e6457"
        },
        "files": [
            "config/routes/annotations.yaml"
        ]
    },
    "doctrine/doctrine-bundle": {
        "version": "1.6",
        "recipe": {
            "repo": "github.com/symfony/recipes",
            "branch": "main",
            "version": "1.6",
            "ref": "279afd274f082456defa961020fbfa1c7e052bb6"
        },
        "files": [
            "config/packages/doctrine.yaml",
            "config/packages/prod/doctrine.yaml",
            "src/Entity/.gitignore",
            "src/Repository/.gitignore"
        ]
    },
    "doctrine/doctrine-cache-bundle": {
        "version": "1.3.5"
    },
    "doctrine/doctrine-migrations-bundle": {
        "version": "1.3",
        "recipe": {
            "repo": "github.com/symfony/recipes",
            "branch": "main",
            "version": "1.2",
            "ref": "b609494a0ab33d79acf3ead2067e3f67c9a47bd2"
        },
        "files": [
            "config/packages/doctrine_migrations.yaml",
            "migrations/.gitignore"
        ]
    },
    "symfony/console": {
        "version": "3.4",
        "recipe": {
            "repo": "github.com/symfony/recipes",
            "branch": "main",
            "version": "3.3",
            "ref": "524e110a6284dae4172aa8cc32db6f819428f6ac"
        },
        "files": [
            "bin/console",
            "config/bootstrap.php"
        ]
    },
    "symfony/flex": {
        "version": "1.20",
        "recipe": {
            "repo": "github.com/symfony/recipes",
            "branch": "main",
            "version": "1.0",
            "ref": "146251ae39e06a95be0fe3d13c807bcf3938b172"
        },
        "files": [
            ".env"
        ]
    },
    "symfony/framework-bundle": {
        "version": "3.4",
        "recipe": {
            "repo": "github.com/symfony/recipes",
            "branch": "main",
            "version": "3.4",
            "ref": "4e582450c27d790227d2596a2ffb514fd71d5db7"
        },
        "files": [
            "config/bootstrap.php",
            "config/packages/cache.yaml",
            "config/packages/framework.yaml",
            "config/packages/test/framework.yaml",
            "config/services.yaml",
            "public/index.php",
            "src/Controller/.gitignore",
            "src/Kernel.php"
        ]
    },
    "symfony/maker-bundle": {
        "version": "1.23",
        "recipe": {
            "repo": "github.com/symfony/recipes",
            "branch": "main",
            "version": "1.0",
            "ref": "fadbfe33303a76e25cb63401050439aa9b1a9c7f"
        }
    },
    "symfony/routing": {
        "version": "3.4",
        "recipe": {
            "repo": "github.com/symfony/recipes",
            "branch": "main",
            "version": "3.3",
            "ref": "eb64cc2de2fa548a89fbf1446d37b391c9a9e936"
        },
        "files": [
            "config/packages/prod/routing.yaml",
            "config/routes.yaml"
        ]
    }
}
